{
  "name": "intl-messageformat",
  "version": "7.8.3",
  "lockfileVersion": 1,
  "requires": true,
  "dependencies": {
    "@formatjs/intl-pluralrules": {
      "version": "1.5.1",
      "resolved": "https://registry.npmjs.org/@formatjs/intl-pluralrules/-/intl-pluralrules-1.5.1.tgz",
      "integrity": "sha512-9CIU2W/rjn4WB5T34gc5oA3CgKwF+L3AFSbygBV3R3N1nuOkFgJ+qYxG16qstAVU6+S/RJQeSDkvdjDH5RxIMA==",
      "dev": true,
      "requires": {
        "@formatjs/intl-utils": "^2.1.0"
      }
    },
    "@formatjs/intl-unified-numberformat": {
      "version": "3.1.0",
      "resolved": "https://registry.npmjs.org/@formatjs/intl-unified-numberformat/-/intl-unified-numberformat-3.1.0.tgz",
      "integrity": "sha512-ySMpI/PRyS5mM6W8nuHwWmU88b5yYTndFUC5O6M2ey+qge8ggdXPp80eKscPijzDtPEFYwUzvPpyP35io5I+LQ==",
      "requires": {
        "@formatjs/intl-utils": "^2.1.0",
        "unicode-12.1.0": "0.8"
      },
      "dependencies": {
        "@formatjs/intl-utils": {
          "version": "2.1.0",
          "resolved": "https://registry.npmjs.org/@formatjs/intl-utils/-/intl-utils-2.1.0.tgz",
          "integrity": "sha512-6i9JHVioZ9uHkkTYUsZk8ha8FRMb5ZMjPr2cVH1vfNAwJy7AlJnLzH2OeB7WE3WnAgvYpWV797K6p3g/q/JTOg=="
        }
      }
    },
    "@formatjs/intl-utils": {
      "version": "2.1.0",
      "resolved": "https://registry.npmjs.org/@formatjs/intl-utils/-/intl-utils-2.1.0.tgz",
      "integrity": "sha512-6i9JHVioZ9uHkkTYUsZk8ha8FRMb5ZMjPr2cVH1vfNAwJy7AlJnLzH2OeB7WE3WnAgvYpWV797K6p3g/q/JTOg==",
      "dev": true
    },
    "intl-format-cache": {
      "version": "4.2.20",
      "resolved": "https://registry.npmjs.org/intl-format-cache/-/intl-format-cache-4.2.20.tgz",
      "integrity": "sha512-l8My2dFSV4B+pPrpKSx3nrnRLYavVKFqM6hL3YJOf7yZbITpFm+lSX6+gU5Uxd5iyRbuAYEe/zXLSQeggXc8qg=="
    },
    "intl-messageformat-parser": {
      "version": "3.6.3",
      "resolved": "https://registry.npmjs.org/intl-messageformat-parser/-/intl-messageformat-parser-3.6.3.tgz",
      "integrity": "sha512-inDEmqoatIFmin7GWBmyyC+LWvZliLrHdrBm1lnelNevYUxSlGFvhwCfbKkavWC0+h6Z3I6J1J0tARtFFR/hUg==",
      "requires": {
        "@formatjs/intl-unified-numberformat": "^3.1.0"
      }
    },
    "unicode-12.1.0": {
      "version": "0.8.0",
      "resolved": "https://registry.npmjs.org/unicode-12.1.0/-/unicode-12.1.0-0.8.0.tgz",
      "integrity": "sha512-OhxidkE3tKlMAouqWtdYtDP2RHVIo1lNdjEruNdVxLrACcbw79TaOcupYKxz6F7ldC1nx8CDygzN5kGmXAU60Q=="
    }
  }
}
