{
  "name": "intl-messageformat",
  "version": "8.3.7",
  "lockfileVersion": 1,
  "requires": true,
  "dependencies": {
    "@formatjs/intl-pluralrules": {
      "version": "1.5.5",
      "resolved": "https://registry.npmjs.org/@formatjs/intl-pluralrules/-/intl-pluralrules-1.5.5.tgz",
      "integrity": "sha512-GxCYbTLvlXuS6fM2IBLaVhUsINz0d1ou7f5xdbBBrm2MwbyD6rC7K8pOIIIuv97p4RsQ3twa8umI6/6P0T1/2Q==",
      "dev": true,
      "requires": {
        "@formatjs/intl-utils": "^2.2.2"
      }
    },
    "@formatjs/intl-unified-numberformat": {
      "version": "3.3.3",
      "resolved": "https://registry.npmjs.org/@formatjs/intl-unified-numberformat/-/intl-unified-numberformat-3.3.3.tgz",
      "integrity": "sha512-dic7DA8REMy8gkidkCSoWqTjaLIlCyLJ5fDtlgHzK/ftwxAlbSSHkbeozZ/IKQDPbbcSppI/t9hp9KT+co/Ksg==",
      "requires": {
        "@formatjs/intl-utils": "^2.2.2"
      }
    },
    "@formatjs/intl-utils": {
      "version": "2.2.2",
      "resolved": "https://registry.npmjs.org/@formatjs/intl-utils/-/intl-utils-2.2.2.tgz",
      "integrity": "sha512-rKINaMRYH3FeNwYjEQwPtsA0kP2/hLLMB9mLi/QYfszz/huTqkInFmYilFRCX4oLlhFXDK5UQQMGNfEavN02Sg=="
    },
    "intl-format-cache": {
      "version": "4.2.24",
      "resolved": "https://registry.npmjs.org/intl-format-cache/-/intl-format-cache-4.2.24.tgz",
      "integrity": "sha512-eea8rHu7ipmUilSd9+MCglgR07E+xJXmTYVFODmeLKsO3Psr/OrixDr6vWprz1whli7cwRdSc1/jHVBxrd+QBw=="
    },
    "intl-messageformat-parser": {
      "version": "5.0.0",
      "resolved": "https://registry.npmjs.org/intl-messageformat-parser/-/intl-messageformat-parser-5.0.0.tgz",
      "integrity": "sha512-2JwOxRl/1rm+03dJ+ZSOVbFpdPepgEBLuThkeJwBBUzHf53OiZ1FN8kkXTe7WrWLlg+alGsSEMZwTeqpoqvgLw==",
      "requires": {
        "@formatjs/intl-unified-numberformat": "^3.3.3"
      }
    }
  }
}
