{
  "name": "intl-messageformat",
  "version": "7.8.2",
  "lockfileVersion": 1,
  "requires": true,
  "dependencies": {
    "@formatjs/intl-pluralrules": {
      "version": "1.5.0",
      "resolved": "https://registry.npmjs.org/@formatjs/intl-pluralrules/-/intl-pluralrules-1.5.0.tgz",
      "integrity": "sha512-vizMmiGNX0UX2kdsieRVHnfpwAa+gyUQDtcCgqVapukb7DOUkACq2UcigBfzlEc8q3gsaYzk3EEdJM2RQVNWPw==",
      "dev": true,
      "requires": {
        "@formatjs/intl-utils": "^2.0.4"
      }
    },
    "@formatjs/intl-unified-numberformat": {
      "version": "3.0.4",
      "resolved": "https://registry.npmjs.org/@formatjs/intl-unified-numberformat/-/intl-unified-numberformat-3.0.4.tgz",
      "integrity": "sha512-B49aviNgeF6ZelLpp7yDc03IN+JYjpHBS9XYq0iFkG064kwi2CfdGI8hQBdaOXyRY6iV3kBF3UEJ83zkTyqk5Q==",
      "requires": {
        "@formatjs/intl-utils": "^2.0.4",
        "unicode-12.1.0": "0.8"
      }
    },
    "@formatjs/intl-utils": {
      "version": "2.0.4",
      "resolved": "https://registry.npmjs.org/@formatjs/intl-utils/-/intl-utils-2.0.4.tgz",
      "integrity": "sha512-zd92HkqxeEprsyM3JLGr+jhhMkmY0NCYQ+Jyw/DC6qZHiFejdO19doYcH5/iMUUPEYLI2h/k7TETqAEez8Btog=="
    },
    "intl-format-cache": {
      "version": "4.2.19",
      "resolved": "https://registry.npmjs.org/intl-format-cache/-/intl-format-cache-4.2.19.tgz",
      "integrity": "sha512-XEe65IeFVtC4rzuG29O05eNp6t169+mxFBvCNjhCZK2+sbCXEUarMm4Hc/yz2C4VEWM+kG4ov4fUY93YZGvDjA=="
    },
    "intl-messageformat-parser": {
      "version": "3.6.2",
      "resolved": "https://registry.npmjs.org/intl-messageformat-parser/-/intl-messageformat-parser-3.6.2.tgz",
      "integrity": "sha512-+uQVyN+Ip71s9IzbKEZi3HDFhXKcjJhK1JnbaFNMrOh4YqNAuEoRhcqPP/e80vyTm6atNF424y7ga9K9dseG/g==",
      "requires": {
        "@formatjs/intl-unified-numberformat": "^3.0.4"
      }
    },
    "unicode-12.1.0": {
      "version": "0.8.0",
      "resolved": "https://registry.npmjs.org/unicode-12.1.0/-/unicode-12.1.0-0.8.0.tgz",
      "integrity": "sha512-OhxidkE3tKlMAouqWtdYtDP2RHVIo1lNdjEruNdVxLrACcbw79TaOcupYKxz6F7ldC1nx8CDygzN5kGmXAU60Q=="
    }
  }
}
