{
  "name": "intl-messageformat-parser",
  "version": "5.0.1",
  "lockfileVersion": 1,
  "requires": true,
  "dependencies": {
    "@formatjs/intl-unified-numberformat": {
      "version": "3.3.4",
      "resolved": "https://registry.npmjs.org/@formatjs/intl-unified-numberformat/-/intl-unified-numberformat-3.3.4.tgz",
      "integrity": "sha512-RhgGUOiMvpCOMc0EqM28JgyfFyAKsw1EfnrDAdqMKAZhbUcRj73iQwdusKXoOp++3DAEg9L2TUUes9QcAv5Ypw==",
      "requires": {
        "@formatjs/intl-utils": "^2.2.3"
      }
    },
    "@formatjs/intl-utils": {
      "version": "2.2.3",
      "resolved": "https://registry.npmjs.org/@formatjs/intl-utils/-/intl-utils-2.2.3.tgz",
      "integrity": "sha512-CeswyzLq2A3uu7dFptBTn1j815B/stndfHMr+ZPj0QxaN/Q9zLRTQxMYskRW07uPp+a7XobLFqEJHLrMu/tZEw=="
    }
  }
}
