{
  "name": "intl-messageformat-parser",
  "version": "4.1.4",
  "lockfileVersion": 1,
  "requires": true,
  "dependencies": {
    "@formatjs/intl-unified-numberformat": {
      "version": "3.3.2",
      "resolved": "https://registry.npmjs.org/@formatjs/intl-unified-numberformat/-/intl-unified-numberformat-3.3.2.tgz",
      "integrity": "sha512-4BIR2FmpNi9L1Fs9V8xQfRcBQ5pN/2VNkdcbJxy1K5TCWxcmE0OpJeqZO8+zaWASGowRO7iZlnrmi4R+XNj/QQ==",
      "requires": {
        "@formatjs/intl-utils": "^2.2.1"
      }
    },
    "@formatjs/intl-utils": {
      "version": "2.2.1",
      "resolved": "https://registry.npmjs.org/@formatjs/intl-utils/-/intl-utils-2.2.1.tgz",
      "integrity": "sha512-WF3oU6l2WqJjN4OWvnjF9AHyQjHpjcfpyuckM7euFeX6ZGRPpPj+ZCqzf41g81MSksf9aZI4fFCZXWTBusgcWA=="
    }
  }
}
