{
  "name": "intl-messageformat-parser",
  "version": "3.5.3",
  "lockfileVersion": 1,
  "requires": true,
  "dependencies": {
    "@formatjs/intl-unified-numberformat": {
      "version": "3.0.0",
      "resolved": "https://registry.npmjs.org/@formatjs/intl-unified-numberformat/-/intl-unified-numberformat-3.0.0.tgz",
      "integrity": "sha512-KoE5+4MnyT6U/kZvP9/oOTmJWgmzEv8vwjeXBfHGVFrPJ3uBqQ/ZgClHHvqDmXtF898xueKkYcBJ5VD1xwi7Vw==",
      "requires": {
        "@formatjs/intl-utils": "^2.0.0"
      }
    },
    "@formatjs/intl-utils": {
      "version": "2.0.0",
      "resolved": "https://registry.npmjs.org/@formatjs/intl-utils/-/intl-utils-2.0.0.tgz",
      "integrity": "sha512-+IRnZmkji94Pw6P6k/FvQJ4l4WNCHseZrKFZMsGN/CPm2aOfTtUVBLL4lPofIsbkiHBASU02HtyvPvf9C5ELAg=="
    }
  }
}
